
Microsoft Visual Studio Solution File, Format Version 12.00
# Visual Studio Version 17
VisualStudioVersion = 17.7.34202.233
MinimumVisualStudioVersion = 10.0.40219.1
Project("{9A19103F-16F7-4668-BE54-9A1E7A4F7556}") = "SlackDeals", "SlackDeals\SlackDeals.csproj", "{C326873B-2E3B-4A73-B0F2-F94911E3A9B5}"
EndProject
Project("{9A19103F-16F7-4668-BE54-9A1E7A4F7556}") = "SlackDeals.Core", "SlackDeals.Core\SlackDeals.Core.csproj", "{156E767F-D6E7-4A4A-A6F4-0C2473AE08A5}"
EndProject
Project("{9A19103F-16F7-4668-BE54-9A1E7A4F7556}") = "MongoDBConnectionTest", "MongoDBConnectionTest\MongoDBConnectionTest.csproj", "{3809DF7C-DA64-434B-A60B-653A4104B33B}"
EndProject
Project("{2150E333-8FDC-42A3-9474-1A3956D46DE8}") = "Plugins", "Plugins", "{751C4AF6-82AF-4191-AB1F-79876CB4326D}"
EndProject
Global
	GlobalSection(SolutionConfigurationPlatforms) = preSolution
		Debug|Any CPU = Debug|Any CPU
		Release|Any CPU = Release|Any CPU
	EndGlobalSection
	GlobalSection(ProjectConfigurationPlatforms) = postSolution
		{C326873B-2E3B-4A73-B0F2-F94911E3A9B5}.Debug|Any CPU.ActiveCfg = Debug|Any CPU
		{C326873B-2E3B-4A73-B0F2-F94911E3A9B5}.Debug|Any CPU.Build.0 = Debug|Any CPU
		{C326873B-2E3B-4A73-B0F2-F94911E3A9B5}.Debug|Any CPU.Deploy.0 = Debug|Any CPU
		{C326873B-2E3B-4A73-B0F2-F94911E3A9B5}.Release|Any CPU.ActiveCfg = Release|Any CPU
		{C326873B-2E3B-4A73-B0F2-F94911E3A9B5}.Release|Any CPU.Build.0 = Release|Any CPU
		{C326873B-2E3B-4A73-B0F2-F94911E3A9B5}.Release|Any CPU.Deploy.0 = Release|Any CPU
		{156E767F-D6E7-4A4A-A6F4-0C2473AE08A5}.Debug|Any CPU.ActiveCfg = Debug|Any CPU
		{156E767F-D6E7-4A4A-A6F4-0C2473AE08A5}.Debug|Any CPU.Build.0 = Debug|Any CPU
		{156E767F-D6E7-4A4A-A6F4-0C2473AE08A5}.Release|Any CPU.ActiveCfg = Release|Any CPU
		{156E767F-D6E7-4A4A-A6F4-0C2473AE08A5}.Release|Any CPU.Build.0 = Release|Any CPU
		{3809DF7C-DA64-434B-A60B-653A4104B33B}.Debug|Any CPU.ActiveCfg = Debug|Any CPU
		{3809DF7C-DA64-434B-A60B-653A4104B33B}.Debug|Any CPU.Build.0 = Debug|Any CPU
		{3809DF7C-DA64-434B-A60B-653A4104B33B}.Release|Any CPU.ActiveCfg = Release|Any CPU
		{3809DF7C-DA64-434B-A60B-653A4104B33B}.Release|Any CPU.Build.0 = Release|Any CPU
	EndGlobalSection
	GlobalSection(SolutionProperties) = preSolution
		HideSolutionNode = FALSE
	EndGlobalSection
	GlobalSection(ExtensibilityGlobals) = postSolution
		SolutionGuid = {C0CC763A-59E1-4055-9D33-66838A827CF9}
	EndGlobalSection
EndGlobal
